
Microsoft Visual Studio Solution File, Format Version 12.00
# Visual Studio 2013
VisualStudioVersion = 12.0.31101.0
MinimumVisualStudioVersion = 10.0.40219.1
Project("{FAE04EC0-301F-11D3-BF4B-00C04F79EFBC}") = "ITCR.AsignacionAutomaticaCargas.Datos", "ITCR.AsignacionAutomaticaCargas.Datos\ITCR.AsignacionAutomaticaCargas.Datos.csproj", "{FA6339B3-CE51-4444-BEB6-4946BCF637A6}"
EndProject
Project("{FAE04EC0-301F-11D3-BF4B-00C04F79EFBC}") = "ITCR.AsignacionAutomaticaCargas.Negocios", "ITCR.AsignacionAutomaticaCargas.Negocios\ITCR.AsignacionAutomaticaCargas.Negocios.csproj", "{981B243E-D77A-4EDB-B46B-22439E8D4A8F}"
EndProject
Project("{FAE04EC0-301F-11D3-BF4B-00C04F79EFBC}") = "ITCR.AsignacionAutomaticaCargas.Interfaz", "ITCR.AsignacionAutomaticaCargas.Interfaz\ITCR.AsignacionAutomaticaCargas.Interfaz.csproj", "{5FFD832A-39E3-4D8E-A7FE-2FEFAA076390}"
EndProject
Global
	GlobalSection(SolutionConfigurationPlatforms) = preSolution
		Debug|Any CPU = Debug|Any CPU
		Release|Any CPU = Release|Any CPU
	EndGlobalSection
	GlobalSection(ProjectConfigurationPlatforms) = postSolution
		{FA6339B3-CE51-4444-BEB6-4946BCF637A6}.Debug|Any CPU.ActiveCfg = Debug|Any CPU
		{FA6339B3-CE51-4444-BEB6-4946BCF637A6}.Debug|Any CPU.Build.0 = Debug|Any CPU
		{FA6339B3-CE51-4444-BEB6-4946BCF637A6}.Release|Any CPU.ActiveCfg = Release|Any CPU
		{FA6339B3-CE51-4444-BEB6-4946BCF637A6}.Release|Any CPU.Build.0 = Release|Any CPU
		{981B243E-D77A-4EDB-B46B-22439E8D4A8F}.Debug|Any CPU.ActiveCfg = Debug|Any CPU
		{981B243E-D77A-4EDB-B46B-22439E8D4A8F}.Debug|Any CPU.Build.0 = Debug|Any CPU
		{981B243E-D77A-4EDB-B46B-22439E8D4A8F}.Release|Any CPU.ActiveCfg = Release|Any CPU
		{981B243E-D77A-4EDB-B46B-22439E8D4A8F}.Release|Any CPU.Build.0 = Release|Any CPU
		{5FFD832A-39E3-4D8E-A7FE-2FEFAA076390}.Debug|Any CPU.ActiveCfg = Debug|Any CPU
		{5FFD832A-39E3-4D8E-A7FE-2FEFAA076390}.Debug|Any CPU.Build.0 = Debug|Any CPU
		{5FFD832A-39E3-4D8E-A7FE-2FEFAA076390}.Release|Any CPU.ActiveCfg = Release|Any CPU
		{5FFD832A-39E3-4D8E-A7FE-2FEFAA076390}.Release|Any CPU.Build.0 = Release|Any CPU
	EndGlobalSection
	GlobalSection(SolutionProperties) = preSolution
		HideSolutionNode = FALSE
	EndGlobalSection
EndGlobal
